
Microsoft Visual Studio Solution File, Format Version 12.00
# Visual Studio Version 17
VisualStudioVersion = 17.3.32929.385
MinimumVisualStudioVersion = 10.0.40219.1
Project("{FAE04EC0-301F-11D3-BF4B-00C04F79EFBC}") = "CharacterGenerator", "CharacterGenerator\CharacterGenerator.csproj", "{491F0562-F9F5-41FC-9E2F-0C58A6B51EAE}"
EndProject
Global
	GlobalSection(SolutionConfigurationPlatforms) = preSolution
		Debug|Any CPU = Debug|Any CPU
		Release|Any CPU = Release|Any CPU
	EndGlobalSection
	GlobalSection(ProjectConfigurationPlatforms) = postSolution
		{491F0562-F9F5-41FC-9E2F-0C58A6B51EAE}.Debug|Any CPU.ActiveCfg = Debug|Any CPU
		{491F0562-F9F5-41FC-9E2F-0C58A6B51EAE}.Debug|Any CPU.Build.0 = Debug|Any CPU
		{491F0562-F9F5-41FC-9E2F-0C58A6B51EAE}.Release|Any CPU.ActiveCfg = Release|Any CPU
		{491F0562-F9F5-41FC-9E2F-0C58A6B51EAE}.Release|Any CPU.Build.0 = Release|Any CPU
	EndGlobalSection
	GlobalSection(SolutionProperties) = preSolution
		HideSolutionNode = FALSE
	EndGlobalSection
	GlobalSection(ExtensibilityGlobals) = postSolution
		SolutionGuid = {D4C823A3-7C2F-4416-A1BF-7869C25DE8A2}
	EndGlobalSection
EndGlobal
